
Microsoft Visual Studio Solution File, Format Version 12.00
# Visual Studio Version 17
VisualStudioVersion = 17.7.34202.233
MinimumVisualStudioVersion = 10.0.40219.1
Project("{FAE04EC0-301F-11D3-BF4B-00C04F79EFBC}") = "aaa", "aaa\aaa.csproj", "{5313B160-039D-40A1-AC1D-8EEDE20BC6C4}"
EndProject
Global
	GlobalSection(SolutionConfigurationPlatforms) = preSolution
		Debug|Any CPU = Debug|Any CPU
		Release|Any CPU = Release|Any CPU
	EndGlobalSection
	GlobalSection(ProjectConfigurationPlatforms) = postSolution
		{5313B160-039D-40A1-AC1D-8EEDE20BC6C4}.Debug|Any CPU.ActiveCfg = Debug|Any CPU
		{5313B160-039D-40A1-AC1D-8EEDE20BC6C4}.Debug|Any CPU.Build.0 = Debug|Any CPU
		{5313B160-039D-40A1-AC1D-8EEDE20BC6C4}.Release|Any CPU.ActiveCfg = Release|Any CPU
		{5313B160-039D-40A1-AC1D-8EEDE20BC6C4}.Release|Any CPU.Build.0 = Release|Any CPU
	EndGlobalSection
	GlobalSection(SolutionProperties) = preSolution
		HideSolutionNode = FALSE
	EndGlobalSection
	GlobalSection(ExtensibilityGlobals) = postSolution
		SolutionGuid = {63DCEA03-F66D-4339-AD2F-221FC3876043}
	EndGlobalSection
EndGlobal
